
Microsoft Visual Studio Solution File, Format Version 12.00
# Visual Studio Version 17
VisualStudioVersion = 17.7.34221.43
MinimumVisualStudioVersion = 10.0.40219.1
Project("{9A19103F-16F7-4668-BE54-9A1E7A4F7556}") = "CarRentalManagement.Server", "CarRentalManagement\Server\CarRentalManagement.Server.csproj", "{351D0A9B-BC24-43D5-A9A4-4BC60127852E}"
EndProject
Project("{9A19103F-16F7-4668-BE54-9A1E7A4F7556}") = "CarRentalManagement.Client", "CarRentalManagement\Client\CarRentalManagement.Client.csproj", "{07B1BE00-2901-4D6A-9B52-E9453CBB01FC}"
EndProject
Project("{9A19103F-16F7-4668-BE54-9A1E7A4F7556}") = "CarRentalManagement.Shared", "CarRentalManagement\Shared\CarRentalManagement.Shared.csproj", "{3A40611E-6143-4AE7-924F-2144AA83B794}"
EndProject
Global
	GlobalSection(SolutionConfigurationPlatforms) = preSolution
		Debug|Any CPU = Debug|Any CPU
		Release|Any CPU = Release|Any CPU
	EndGlobalSection
	GlobalSection(ProjectConfigurationPlatforms) = postSolution
		{351D0A9B-BC24-43D5-A9A4-4BC60127852E}.Debug|Any CPU.ActiveCfg = Debug|Any CPU
		{351D0A9B-BC24-43D5-A9A4-4BC60127852E}.Debug|Any CPU.Build.0 = Debug|Any CPU
		{351D0A9B-BC24-43D5-A9A4-4BC60127852E}.Release|Any CPU.ActiveCfg = Release|Any CPU
		{351D0A9B-BC24-43D5-A9A4-4BC60127852E}.Release|Any CPU.Build.0 = Release|Any CPU
		{07B1BE00-2901-4D6A-9B52-E9453CBB01FC}.Debug|Any CPU.ActiveCfg = Debug|Any CPU
		{07B1BE00-2901-4D6A-9B52-E9453CBB01FC}.Debug|Any CPU.Build.0 = Debug|Any CPU
		{07B1BE00-2901-4D6A-9B52-E9453CBB01FC}.Release|Any CPU.ActiveCfg = Release|Any CPU
		{07B1BE00-2901-4D6A-9B52-E9453CBB01FC}.Release|Any CPU.Build.0 = Release|Any CPU
		{3A40611E-6143-4AE7-924F-2144AA83B794}.Debug|Any CPU.ActiveCfg = Debug|Any CPU
		{3A40611E-6143-4AE7-924F-2144AA83B794}.Debug|Any CPU.Build.0 = Debug|Any CPU
		{3A40611E-6143-4AE7-924F-2144AA83B794}.Release|Any CPU.ActiveCfg = Release|Any CPU
		{3A40611E-6143-4AE7-924F-2144AA83B794}.Release|Any CPU.Build.0 = Release|Any CPU
	EndGlobalSection
	GlobalSection(SolutionProperties) = preSolution
		HideSolutionNode = FALSE
	EndGlobalSection
	GlobalSection(ExtensibilityGlobals) = postSolution
		SolutionGuid = {B9CDC830-CC73-46A8-9C28-F2CAC9D0DD24}
	EndGlobalSection
EndGlobal
